{
    "version": 3,
    "terraform_version": "0.11.7",
    "serial": 5,
    "lineage": "e54b41f0-bc2d-69bf-f021-23735801d4ac",
    "modules": [
        {
            "path": [
                "root"
            ],
            "outputs": {
                "public_ip": {
                    "sensitive": false,
                    "type": "string",
                    "value": "54.236.31.72"
                }
            },
            "resources": {
                "aws_spot_instance_request.spot": {
                    "type": "aws_spot_instance_request",
                    "depends_on": [],
                    "primary": {
                        "id": "sir-fkji51qg",
                        "attributes": {
                            "ami": "ami-c6ac1cbc",
                            "associate_public_ip_address": "true",
                            "block_duration_minutes": "0",
                            "ebs_block_device.#": "0",
                            "ephemeral_block_device.#": "0",
                            "get_password_data": "false",
                            "id": "sir-fkji51qg",
                            "instance_interruption_behaviour": "terminate",
                            "instance_type": "p2.xlarge",
                            "ipv6_address_count": "0",
                            "ipv6_addresses.#": "0",
                            "launch_group": "",
                            "network_interface.#": "0",
                            "network_interface_id": "eni-07d1d4f51224ca80b",
                            "password_data": "",
                            "private_dns": "ip-172-31-76-254.ec2.internal",
                            "private_ip": "172.31.76.254",
                            "public_dns": "ec2-54-236-31-72.compute-1.amazonaws.com",
                            "public_ip": "54.236.31.72",
                            "root_block_device.#": "1",
                            "root_block_device.0.delete_on_termination": "false",
                            "root_block_device.0.iops": "240",
                            "root_block_device.0.volume_id": "vol-0afa4d0a1524fee1f",
                            "root_block_device.0.volume_size": "80",
                            "root_block_device.0.volume_type": "gp2",
                            "security_groups.#": "0",
                            "source_dest_check": "true",
                            "spot_bid_status": "fulfilled",
                            "spot_instance_id": "i-0615e5b205ffca092",
                            "spot_price": "0.90",
                            "spot_request_state": "active",
                            "spot_type": "persistent",
                            "subnet_id": "subnet-dc1f6db9",
                            "tags.%": "1",
                            "tags.Name": "P3 Spot",
                            "valid_from": "0001-01-01T00:00:00Z",
                            "valid_until": "0001-01-01T00:00:00Z",
                            "vpc_security_group_ids.#": "0",
                            "wait_for_fulfillment": "false"
                        },
                        "meta": {
                            "e2bfb730-ecaa-11e6-8f88-34363bc7c4c0": {
                                "create": 600000000000,
                                "delete": 1200000000000
                            }
                        },
                        "tainted": false
                    },
                    "deposed": [],
                    "provider": "provider.aws"
                }
            },
            "depends_on": []
        }
    ]
}
